dependencies:
- name: mimir-distributed
  repository: https://grafana.github.io/helm-charts
  version: 5.7.0
- name: grafana
  repository: https://grafana.github.io/helm-charts
  version: 9.0.0
digest: sha256:b21bc69abd545f93f92af692a9017e3f072307771030e5a020c88be92bf22dc7
generated: "2025-05-10T00:22:46.1500688-07:00"
